
Microsoft Visual Studio Solution File, Format Version 12.00
# Visual Studio 15
VisualStudioVersion = 15.0.28307.572
MinimumVisualStudioVersion = 10.0.40219.1
Project("{888888A0-9F3D-457C-B088-3A5042F75D52}") = "ICR-DAELIM-PY", "ICR-DAELIM-PY.pyproj", "{A4E8EAD4-C951-4158-BB6D-691388CBA924}"
EndProject
Global
	GlobalSection(SolutionConfigurationPlatforms) = preSolution
		Debug|Any CPU = Debug|Any CPU
		Release|Any CPU = Release|Any CPU
	EndGlobalSection
	GlobalSection(ProjectConfigurationPlatforms) = postSolution
		{A4E8EAD4-C951-4158-BB6D-691388CBA924}.Debug|Any CPU.ActiveCfg = Debug|Any CPU
		{A4E8EAD4-C951-4158-BB6D-691388CBA924}.Release|Any CPU.ActiveCfg = Release|Any CPU
	EndGlobalSection
	GlobalSection(SolutionProperties) = preSolution
		HideSolutionNode = FALSE
	EndGlobalSection
	GlobalSection(ExtensibilityGlobals) = postSolution
		SolutionGuid = {8ACC97E9-2257-4FB3-8225-FFAC6AC1B48D}
	EndGlobalSection
EndGlobal
